
Microsoft Visual Studio Solution File, Format Version 12.00
# Visual Studio Version 16
VisualStudioVersion = 16.0.31112.23
MinimumVisualStudioVersion = 10.0.40219.1
Project("{FAE04EC0-301F-11D3-BF4B-00C04F79EFBC}") = "AdvertApi", "AdvertApi.csproj", "{C5CA043C-80B3-47D6-BEE0-40ECDFD4A002}"
EndProject
Project("{FAE04EC0-301F-11D3-BF4B-00C04F79EFBC}") = "AdvertApi.Models", "..\AdvertApi.Models\AdvertApi.Models.csproj", "{EC37BE99-A413-4AFE-895E-433287459D23}"
EndProject
Global
	GlobalSection(SolutionConfigurationPlatforms) = preSolution
		Debug|Any CPU = Debug|Any CPU
		Release|Any CPU = Release|Any CPU
	EndGlobalSection
	GlobalSection(ProjectConfigurationPlatforms) = postSolution
		{C5CA043C-80B3-47D6-BEE0-40ECDFD4A002}.Debug|Any CPU.ActiveCfg = Debug|Any CPU
		{C5CA043C-80B3-47D6-BEE0-40ECDFD4A002}.Debug|Any CPU.Build.0 = Debug|Any CPU
		{C5CA043C-80B3-47D6-BEE0-40ECDFD4A002}.Release|Any CPU.ActiveCfg = Release|Any CPU
		{C5CA043C-80B3-47D6-BEE0-40ECDFD4A002}.Release|Any CPU.Build.0 = Release|Any CPU
		{EC37BE99-A413-4AFE-895E-433287459D23}.Debug|Any CPU.ActiveCfg = Debug|Any CPU
		{EC37BE99-A413-4AFE-895E-433287459D23}.Debug|Any CPU.Build.0 = Debug|Any CPU
		{EC37BE99-A413-4AFE-895E-433287459D23}.Release|Any CPU.ActiveCfg = Release|Any CPU
		{EC37BE99-A413-4AFE-895E-433287459D23}.Release|Any CPU.Build.0 = Release|Any CPU
	EndGlobalSection
	GlobalSection(SolutionProperties) = preSolution
		HideSolutionNode = FALSE
	EndGlobalSection
	GlobalSection(ExtensibilityGlobals) = postSolution
		SolutionGuid = {F602CED0-4FF8-4417-987C-64B577E7EC20}
	EndGlobalSection
EndGlobal
